
Microsoft Visual Studio Solution File, Format Version 12.00
# Visual Studio Version 17
VisualStudioVersion = 17.4.33122.133
MinimumVisualStudioVersion = 10.0.40219.1
Project("{FAE04EC0-301F-11D3-BF4B-00C04F79EFBC}") = "WeatherApp", "WeatherApp\WeatherApp.csproj", "{DFD5B1DA-F60C-4DDC-BA32-16767B777DBC}"
EndProject
Global
	GlobalSection(SolutionConfigurationPlatforms) = preSolution
		Debug|Any CPU = Debug|Any CPU
		Release|Any CPU = Release|Any CPU
	EndGlobalSection
	GlobalSection(ProjectConfigurationPlatforms) = postSolution
		{DFD5B1DA-F60C-4DDC-BA32-16767B777DBC}.Debug|Any CPU.ActiveCfg = Debug|Any CPU
		{DFD5B1DA-F60C-4DDC-BA32-16767B777DBC}.Debug|Any CPU.Build.0 = Debug|Any CPU
		{DFD5B1DA-F60C-4DDC-BA32-16767B777DBC}.Release|Any CPU.ActiveCfg = Release|Any CPU
		{DFD5B1DA-F60C-4DDC-BA32-16767B777DBC}.Release|Any CPU.Build.0 = Release|Any CPU
	EndGlobalSection
	GlobalSection(SolutionProperties) = preSolution
		HideSolutionNode = FALSE
	EndGlobalSection
	GlobalSection(ExtensibilityGlobals) = postSolution
		SolutionGuid = {4BA66C71-B2CF-4855-9452-31697D826868}
	EndGlobalSection
EndGlobal
